<?xml version="1.0" encoding="utf-8"?>
<Project ToolsVersion="4.0" xmlns="http://schemas.microsoft.com/developer/msbuild/2003">
  <ItemGroup>
    <Filter Include="源文件">
      <UniqueIdentifier>{4FC737F1-C7A5-4376-A066-2A32D752A2FF}</UniqueIdentifier>
      <Extensions>cpp;c;cc;cxx;def;odl;idl;hpj;bat;asm;asmx</Extensions>
    </Filter>
    <Filter Include="头文件">
      <UniqueIdentifier>{93995380-89BD-4b04-88EB-625FBE52EBFB}</UniqueIdentifier>
      <Extensions>h;hpp;hxx;hm;inl;inc;xsd</Extensions>
    </Filter>
    <Filter Include="资源文件">
      <UniqueIdentifier>{67DA6AB6-F800-4c08-8B7A-83BB121AAD01}</UniqueIdentifier>
      <Extensions>rc;ico;cur;bmp;dlg;rc2;rct;bin;rgs;gif;jpg;jpeg;jpe;resx;tiff;tif;png;wav;mfcribbon-ms</Extensions>
    </Filter>
  </ItemGroup>
  <ItemGroup>
    <Text Include="ReadMe.txt" />
  </ItemGroup>
  <ItemGroup>
    <ClInclude Include="SfcGo.h">
      <Filter>头文件</Filter>
    </ClInclude>
    <ClInclude Include="stdafx.h">
      <Filter>头文件</Filter>
    </ClInclude>
    <ClInclude Include="targetver.h">
      <Filter>头文件</Filter>
    </ClInclude>
    <ClInclude Include="MainFrm.h">
      <Filter>头文件</Filter>
    </ClInclude>
    <ClInclude Include="ChildFrm.h">
      <Filter>头文件</Filter>
    </ClInclude>
    <ClInclude Include="SfcGoDoc.h">
      <Filter>头文件</Filter>
    </ClInclude>
    <ClInclude Include="SfcGoView.h">
      <Filter>头文件</Filter>
    </ClInclude>
    <ClInclude Include="Resource.h">
      <Filter>头文件</Filter>
    </ClInclude>
    <ClInclude Include="Sfc.h">
      <Filter>头文件</Filter>
    </ClInclude>
    <ClInclude Include="DlgSetKomi.h">
      <Filter>头文件</Filter>
    </ClInclude>
    <ClInclude Include="SfcGtp.h">
      <Filter>头文件</Filter>
    </ClInclude>
    <ClInclude Include="DlgNewGame.h">
      <Filter>头文件</Filter>
    </ClInclude>
    <ClInclude Include="DlgNotify.h">
      <Filter>头文件</Filter>
    </ClInclude>
    <ClInclude Include="SgfTree.h">
      <Filter>头文件</Filter>
    </ClInclude>
  </ItemGroup>
  <ItemGroup>
    <ClCompile Include="SfcGo.cpp">
      <Filter>源文件</Filter>
    </ClCompile>
    <ClCompile Include="stdafx.cpp">
      <Filter>源文件</Filter>
    </ClCompile>
    <ClCompile Include="MainFrm.cpp">
      <Filter>源文件</Filter>
    </ClCompile>
    <ClCompile Include="ChildFrm.cpp">
      <Filter>源文件</Filter>
    </ClCompile>
    <ClCompile Include="SfcGoDoc.cpp">
      <Filter>源文件</Filter>
    </ClCompile>
    <ClCompile Include="DlgSetKomi.cpp">
      <Filter>源文件</Filter>
    </ClCompile>
    <ClCompile Include="SfcGtp.cpp">
      <Filter>源文件</Filter>
    </ClCompile>
    <ClCompile Include="DlgNewGame.cpp">
      <Filter>源文件</Filter>
    </ClCompile>
    <ClCompile Include="DlgNotify.cpp">
      <Filter>源文件</Filter>
    </ClCompile>
    <ClCompile Include="Sfc.cpp">
      <Filter>源文件</Filter>
    </ClCompile>
    <ClCompile Include="SgfTree.cpp">
      <Filter>源文件</Filter>
    </ClCompile>
    <ClCompile Include="SfcGoView.cpp">
      <Filter>源文件</Filter>
    </ClCompile>
  </ItemGroup>
  <ItemGroup>
    <ResourceCompile Include="SfcGo.rc">
      <Filter>资源文件</Filter>
    </ResourceCompile>
  </ItemGroup>
  <ItemGroup>
    <None Include="res\SfcGo.rc2">
      <Filter>资源文件</Filter>
    </None>
    <None Include="Sys\blackstone.cur">
      <Filter>资源文件</Filter>
    </None>
    <None Include="res\cursor1.cur">
      <Filter>资源文件</Filter>
    </None>
    <None Include="res\cursor2.cur">
      <Filter>资源文件</Filter>
    </None>
    <None Include="res\cursor3.cur">
      <Filter>资源文件</Filter>
    </None>
    <None Include="res\blackstone.cur">
      <Filter>资源文件</Filter>
    </None>
  </ItemGroup>
  <ItemGroup>
    <Image Include="res\SfcGoDoc.ico">
      <Filter>资源文件</Filter>
    </Image>
    <Image Include="res\SfcGo.ico">
      <Filter>资源文件</Filter>
    </Image>
    <Image Include="res\Toolbar.bmp">
      <Filter>资源文件</Filter>
    </Image>
    <Image Include="res\icon1.ico">
      <Filter>资源文件</Filter>
    </Image>
    <Image Include="Sys\blackstone.bmp">
      <Filter>资源文件</Filter>
    </Image>
    <Image Include="Sys\stone.bmp">
      <Filter>资源文件</Filter>
    </Image>
    <Image Include="Sys\whitestone.bmp">
      <Filter>资源文件</Filter>
    </Image>
    <Image Include="Sys\blackStone.png">
      <Filter>资源文件</Filter>
    </Image>
    <Image Include="res\icon2.ico">
      <Filter>资源文件</Filter>
    </Image>
  </ItemGroup>
</Project>